Microsoft Visual Studio Solution File, Format Version 12.00
# Visual Studio Version 17
VisualStudioVersion = 17.9.34305.10
MinimumVisualStudioVersion = 10.0.40219.1
Project("{9A19103F-16F7-4668-BE54-9A1E7A4F7556}") = "AspireWithNode.AspNetCoreApi", "AspireWithNode.AspNetCoreApi\AspireWithNode.AspNetCoreApi.csproj", "{E3C74E0C-ABC8-4A74-ADCD-654F3BCE6AA6}"
EndProject
Project("{FAE04EC0-301F-11D3-BF4B-00C04F79EFBC}") = "AspireWithNode.AppHost", "AspireWithNode.AppHost\AspireWithNode.AppHost.csproj", "{AD242204-50CB-4472-BEC7-55713738EC2F}"
EndProject
Project("{9A19103F-16F7-4668-BE54-9A1E7A4F7556}") = "AspireWithNode.ServiceDefaults", "AspireWithNode.ServiceDefaults\AspireWithNode.ServiceDefaults.csproj", "{A19F71D9-0E31-454B-AE0F-65D88CF62844}"
EndProject
Global
	GlobalSection(SolutionConfigurationPlatforms) = preSolution
		Debug|Any CPU = Debug|Any CPU
		Release|Any CPU = Release|Any CPU
	EndGlobalSection
	GlobalSection(ProjectConfigurationPlatforms) = postSolution
		{E3C74E0C-ABC8-4A74-ADCD-654F3BCE6AA6}.Debug|Any CPU.ActiveCfg = Debug|Any CPU
		{E3C74E0C-ABC8-4A74-ADCD-654F3BCE6AA6}.Debug|Any CPU.Build.0 = Debug|Any CPU
		{E3C74E0C-ABC8-4A74-ADCD-654F3BCE6AA6}.Release|Any CPU.ActiveCfg = Release|Any CPU
		{E3C74E0C-ABC8-4A74-ADCD-654F3BCE6AA6}.Release|Any CPU.Build.0 = Release|Any CPU
		{AD242204-50CB-4472-BEC7-55713738EC2F}.Debug|Any CPU.ActiveCfg = Debug|Any CPU
		{AD242204-50CB-4472-BEC7-55713738EC2F}.Debug|Any CPU.Build.0 = Debug|Any CPU
		{AD242204-50CB-4472-BEC7-55713738EC2F}.Release|Any CPU.ActiveCfg = Release|Any CPU
		{AD242204-50CB-4472-BEC7-55713738EC2F}.Release|Any CPU.Build.0 = Release|Any CPU
		{A19F71D9-0E31-454B-AE0F-65D88CF62844}.Debug|Any CPU.ActiveCfg = Debug|Any CPU
		{A19F71D9-0E31-454B-AE0F-65D88CF62844}.Debug|Any CPU.Build.0 = Debug|Any CPU
		{A19F71D9-0E31-454B-AE0F-65D88CF62844}.Release|Any CPU.ActiveCfg = Release|Any CPU
		{A19F71D9-0E31-454B-AE0F-65D88CF62844}.Release|Any CPU.Build.0 = Release|Any CPU
	EndGlobalSection
	GlobalSection(SolutionProperties) = preSolution
		HideSolutionNode = FALSE
	EndGlobalSection
	GlobalSection(ExtensibilityGlobals) = postSolution
		SolutionGuid = {B276F31A-3F73-4639-A8E8-58382CAC3D89}
	EndGlobalSection
EndGlobal
